
Microsoft Visual Studio Solution File, Format Version 12.00
# Visual Studio Version 17
VisualStudioVersion = 17.14.36109.1 d17.14
MinimumVisualStudioVersion = 10.0.40219.1
Project("{FAE04EC0-301F-11D3-BF4B-00C04F79EFBC}") = "ProcessInventoryUpdate", "ProcessInventoryUpdate.csproj", "{09BEFB26-42A7-4897-B2A7-23061C3E8662}"
EndProject
Project("{FAE04EC0-301F-11D3-BF4B-00C04F79EFBC}") = "ProcessInventoryUpdate.Test", "..\ProcessInventoryUpdate.Test\ProcessInventoryUpdate.Test.csproj", "{8D7CF761-6CEF-4721-A488-BA59D3F14C2A}"
EndProject
Global
	GlobalSection(SolutionConfigurationPlatforms) = preSolution
		Debug|Any CPU = Debug|Any CPU
		Release|Any CPU = Release|Any CPU
	EndGlobalSection
	GlobalSection(ProjectConfigurationPlatforms) = postSolution
		{09BEFB26-42A7-4897-B2A7-23061C3E8662}.Debug|Any CPU.ActiveCfg = Debug|Any CPU
		{09BEFB26-42A7-4897-B2A7-23061C3E8662}.Debug|Any CPU.Build.0 = Debug|Any CPU
		{09BEFB26-42A7-4897-B2A7-23061C3E8662}.Release|Any CPU.ActiveCfg = Release|Any CPU
		{09BEFB26-42A7-4897-B2A7-23061C3E8662}.Release|Any CPU.Build.0 = Release|Any CPU
		{8D7CF761-6CEF-4721-A488-BA59D3F14C2A}.Debug|Any CPU.ActiveCfg = Debug|Any CPU
		{8D7CF761-6CEF-4721-A488-BA59D3F14C2A}.Debug|Any CPU.Build.0 = Debug|Any CPU
		{8D7CF761-6CEF-4721-A488-BA59D3F14C2A}.Release|Any CPU.ActiveCfg = Release|Any CPU
		{8D7CF761-6CEF-4721-A488-BA59D3F14C2A}.Release|Any CPU.Build.0 = Release|Any CPU
	EndGlobalSection
	GlobalSection(SolutionProperties) = preSolution
		HideSolutionNode = FALSE
	EndGlobalSection
	GlobalSection(ExtensibilityGlobals) = postSolution
		SolutionGuid = {51C8594B-D609-4EA5-B977-9B6F82AF8EE5}
	EndGlobalSection
EndGlobal
